
Microsoft Visual Studio Solution File, Format Version 12.00
# Visual Studio Version 17
VisualStudioVersion = 17.9.34714.143
MinimumVisualStudioVersion = 10.0.40219.1
Project("{9A19103F-16F7-4668-BE54-9A1E7A4F7556}") = "ModuleProject", "ModuleProject\ModuleProject.csproj", "{F39DFEEC-A4C8-4504-9393-689EC646899F}"
EndProject
Project("{FAE04EC0-301F-11D3-BF4B-00C04F79EFBC}") = "ModuleTestProject", "ModuleTestProject\ModuleTestProject.csproj", "{A4444CA8-8B09-4D12-8450-8A38C1838FA9}"
EndProject
Project("{FAE04EC0-301F-11D3-BF4B-00C04F79EFBC}") = "ModuleProject_WPF_Default", "ModuleProject_WPF_Default\ModuleProject_WPF_Default.csproj", "{F8E520B7-B5AE-4224-A948-6C3CB3A13D43}"
EndProject
Project("{FAE04EC0-301F-11D3-BF4B-00C04F79EFBC}") = "WPF_Default_UnitTestProject", "WPF_Default_UnitTestProject\WPF_Default_UnitTestProject.csproj", "{2C5B508F-6F41-4E71-B38C-A407B657C053}"
EndProject
Project("{FAE04EC0-301F-11D3-BF4B-00C04F79EFBC}") = "ModuleProject_WPF_Default2", "ModuleProject_WPF_Default2\ModuleProject_WPF_Default2.csproj", "{3D8C7932-2764-459D-AC50-762BCA2C8F4A}"
EndProject
Global
	GlobalSection(SolutionConfigurationPlatforms) = preSolution
		Debug|Any CPU = Debug|Any CPU
		Debug|x64 = Debug|x64
		Debug|x86 = Debug|x86
		Release|Any CPU = Release|Any CPU
		Release|x64 = Release|x64
		Release|x86 = Release|x86
	EndGlobalSection
	GlobalSection(ProjectConfigurationPlatforms) = postSolution
		{F39DFEEC-A4C8-4504-9393-689EC646899F}.Debug|Any CPU.ActiveCfg = Debug|Any CPU
		{F39DFEEC-A4C8-4504-9393-689EC646899F}.Debug|Any CPU.Build.0 = Debug|Any CPU
		{F39DFEEC-A4C8-4504-9393-689EC646899F}.Debug|x64.ActiveCfg = Debug|x64
		{F39DFEEC-A4C8-4504-9393-689EC646899F}.Debug|x64.Build.0 = Debug|x64
		{F39DFEEC-A4C8-4504-9393-689EC646899F}.Debug|x86.ActiveCfg = Debug|x86
		{F39DFEEC-A4C8-4504-9393-689EC646899F}.Debug|x86.Build.0 = Debug|x86
		{F39DFEEC-A4C8-4504-9393-689EC646899F}.Release|Any CPU.ActiveCfg = Release|Any CPU
		{F39DFEEC-A4C8-4504-9393-689EC646899F}.Release|Any CPU.Build.0 = Release|Any CPU
		{F39DFEEC-A4C8-4504-9393-689EC646899F}.Release|x64.ActiveCfg = Release|x64
		{F39DFEEC-A4C8-4504-9393-689EC646899F}.Release|x64.Build.0 = Release|x64
		{F39DFEEC-A4C8-4504-9393-689EC646899F}.Release|x86.ActiveCfg = Release|x86
		{F39DFEEC-A4C8-4504-9393-689EC646899F}.Release|x86.Build.0 = Release|x86
		{A4444CA8-8B09-4D12-8450-8A38C1838FA9}.Debug|Any CPU.ActiveCfg = Debug|Any CPU
		{A4444CA8-8B09-4D12-8450-8A38C1838FA9}.Debug|Any CPU.Build.0 = Debug|Any CPU
		{A4444CA8-8B09-4D12-8450-8A38C1838FA9}.Debug|x64.ActiveCfg = Debug|Any CPU
		{A4444CA8-8B09-4D12-8450-8A38C1838FA9}.Debug|x64.Build.0 = Debug|Any CPU
		{A4444CA8-8B09-4D12-8450-8A38C1838FA9}.Debug|x86.ActiveCfg = Debug|Any CPU
		{A4444CA8-8B09-4D12-8450-8A38C1838FA9}.Debug|x86.Build.0 = Debug|Any CPU
		{A4444CA8-8B09-4D12-8450-8A38C1838FA9}.Release|Any CPU.ActiveCfg = Release|Any CPU
		{A4444CA8-8B09-4D12-8450-8A38C1838FA9}.Release|Any CPU.Build.0 = Release|Any CPU
		{A4444CA8-8B09-4D12-8450-8A38C1838FA9}.Release|x64.ActiveCfg = Release|Any CPU
		{A4444CA8-8B09-4D12-8450-8A38C1838FA9}.Release|x64.Build.0 = Release|Any CPU
		{A4444CA8-8B09-4D12-8450-8A38C1838FA9}.Release|x86.ActiveCfg = Release|Any CPU
		{A4444CA8-8B09-4D12-8450-8A38C1838FA9}.Release|x86.Build.0 = Release|Any CPU
		{F8E520B7-B5AE-4224-A948-6C3CB3A13D43}.Debug|Any CPU.ActiveCfg = Debug|Any CPU
		{F8E520B7-B5AE-4224-A948-6C3CB3A13D43}.Debug|Any CPU.Build.0 = Debug|Any CPU
		{F8E520B7-B5AE-4224-A948-6C3CB3A13D43}.Debug|x64.ActiveCfg = Debug|Any CPU
		{F8E520B7-B5AE-4224-A948-6C3CB3A13D43}.Debug|x64.Build.0 = Debug|Any CPU
		{F8E520B7-B5AE-4224-A948-6C3CB3A13D43}.Debug|x86.ActiveCfg = Debug|Any CPU
		{F8E520B7-B5AE-4224-A948-6C3CB3A13D43}.Debug|x86.Build.0 = Debug|Any CPU
		{F8E520B7-B5AE-4224-A948-6C3CB3A13D43}.Release|Any CPU.ActiveCfg = Release|Any CPU
		{F8E520B7-B5AE-4224-A948-6C3CB3A13D43}.Release|Any CPU.Build.0 = Release|Any CPU
		{F8E520B7-B5AE-4224-A948-6C3CB3A13D43}.Release|x64.ActiveCfg = Release|Any CPU
		{F8E520B7-B5AE-4224-A948-6C3CB3A13D43}.Release|x64.Build.0 = Release|Any CPU
		{F8E520B7-B5AE-4224-A948-6C3CB3A13D43}.Release|x86.ActiveCfg = Release|Any CPU
		{F8E520B7-B5AE-4224-A948-6C3CB3A13D43}.Release|x86.Build.0 = Release|Any CPU
		{2C5B508F-6F41-4E71-B38C-A407B657C053}.Debug|Any CPU.ActiveCfg = Debug|Any CPU
		{2C5B508F-6F41-4E71-B38C-A407B657C053}.Debug|Any CPU.Build.0 = Debug|Any CPU
		{2C5B508F-6F41-4E71-B38C-A407B657C053}.Debug|x64.ActiveCfg = Debug|Any CPU
		{2C5B508F-6F41-4E71-B38C-A407B657C053}.Debug|x64.Build.0 = Debug|Any CPU
		{2C5B508F-6F41-4E71-B38C-A407B657C053}.Debug|x86.ActiveCfg = Debug|Any CPU
		{2C5B508F-6F41-4E71-B38C-A407B657C053}.Debug|x86.Build.0 = Debug|Any CPU
		{2C5B508F-6F41-4E71-B38C-A407B657C053}.Release|Any CPU.ActiveCfg = Release|Any CPU
		{2C5B508F-6F41-4E71-B38C-A407B657C053}.Release|Any CPU.Build.0 = Release|Any CPU
		{2C5B508F-6F41-4E71-B38C-A407B657C053}.Release|x64.ActiveCfg = Release|Any CPU
		{2C5B508F-6F41-4E71-B38C-A407B657C053}.Release|x64.Build.0 = Release|Any CPU
		{2C5B508F-6F41-4E71-B38C-A407B657C053}.Release|x86.ActiveCfg = Release|Any CPU
		{2C5B508F-6F41-4E71-B38C-A407B657C053}.Release|x86.Build.0 = Release|Any CPU
		{3D8C7932-2764-459D-AC50-762BCA2C8F4A}.Debug|Any CPU.ActiveCfg = Debug|Any CPU
		{3D8C7932-2764-459D-AC50-762BCA2C8F4A}.Debug|Any CPU.Build.0 = Debug|Any CPU
		{3D8C7932-2764-459D-AC50-762BCA2C8F4A}.Debug|x64.ActiveCfg = Debug|Any CPU
		{3D8C7932-2764-459D-AC50-762BCA2C8F4A}.Debug|x64.Build.0 = Debug|Any CPU
		{3D8C7932-2764-459D-AC50-762BCA2C8F4A}.Debug|x86.ActiveCfg = Debug|Any CPU
		{3D8C7932-2764-459D-AC50-762BCA2C8F4A}.Debug|x86.Build.0 = Debug|Any CPU
		{3D8C7932-2764-459D-AC50-762BCA2C8F4A}.Release|Any CPU.ActiveCfg = Release|Any CPU
		{3D8C7932-2764-459D-AC50-762BCA2C8F4A}.Release|Any CPU.Build.0 = Release|Any CPU
		{3D8C7932-2764-459D-AC50-762BCA2C8F4A}.Release|x64.ActiveCfg = Release|Any CPU
		{3D8C7932-2764-459D-AC50-762BCA2C8F4A}.Release|x64.Build.0 = Release|Any CPU
		{3D8C7932-2764-459D-AC50-762BCA2C8F4A}.Release|x86.ActiveCfg = Release|Any CPU
		{3D8C7932-2764-459D-AC50-762BCA2C8F4A}.Release|x86.Build.0 = Release|Any CPU
	EndGlobalSection
	GlobalSection(SolutionProperties) = preSolution
		HideSolutionNode = FALSE
	EndGlobalSection
	GlobalSection(ExtensibilityGlobals) = postSolution
		SolutionGuid = {144691AB-0836-4B0B-9550-B3FF21876689}
	EndGlobalSection
EndGlobal
